
Microsoft Visual Studio Solution File, Format Version 12.00
# Visual Studio Version 16
VisualStudioVersion = 16.0.32106.194
MinimumVisualStudioVersion = 10.0.40219.1
Project("{8BC9CEB8-8B4A-11D0-8D11-00A0C91BC942}") = "Atividades", "Atividades.vcxproj", "{9F6C923F-B2BA-44A7-9A81-E1D5A856A35E}"
EndProject
Global
	GlobalSection(SolutionConfigurationPlatforms) = preSolution
		Debug|x64 = Debug|x64
		Debug|x86 = Debug|x86
		Release|x64 = Release|x64
		Release|x86 = Release|x86
	EndGlobalSection
	GlobalSection(ProjectConfigurationPlatforms) = postSolution
		{9F6C923F-B2BA-44A7-9A81-E1D5A856A35E}.Debug|x64.ActiveCfg = Debug|x64
		{9F6C923F-B2BA-44A7-9A81-E1D5A856A35E}.Debug|x64.Build.0 = Debug|x64
		{9F6C923F-B2BA-44A7-9A81-E1D5A856A35E}.Debug|x86.ActiveCfg = Debug|Win32
		{9F6C923F-B2BA-44A7-9A81-E1D5A856A35E}.Debug|x86.Build.0 = Debug|Win32
		{9F6C923F-B2BA-44A7-9A81-E1D5A856A35E}.Release|x64.ActiveCfg = Release|x64
		{9F6C923F-B2BA-44A7-9A81-E1D5A856A35E}.Release|x64.Build.0 = Release|x64
		{9F6C923F-B2BA-44A7-9A81-E1D5A856A35E}.Release|x86.ActiveCfg = Release|Win32
		{9F6C923F-B2BA-44A7-9A81-E1D5A856A35E}.Release|x86.Build.0 = Release|Win32
	EndGlobalSection
	GlobalSection(SolutionProperties) = preSolution
		HideSolutionNode = FALSE
	EndGlobalSection
	GlobalSection(ExtensibilityGlobals) = postSolution
		SolutionGuid = {7AD4AE98-9263-4098-8F2E-4DEAF3C6D83B}
	EndGlobalSection
EndGlobal
